{
    "_readme": [
        "This file locks the dependencies of your project to a known state",
        "Read more about it at https://getcomposer.org/doc/01-basic-usage.md#installing-dependencies",
        "This file is @generated automatically"
    ],
    "content-hash": "ee4ef1ca7cf5e2810bddcd819c1d0353",
    "packages": [
        {
            "name": "techdeck/password-hash",
            "version": "1.0",
            "source": {
                "type": "git",
                "url": "https://github.com/mrherndon/passwordHash.git",
                "reference": "42aabc8d9d78fdb738b7ab1610b2030330d1d6cc"
            },
            "dist": {
                "type": "zip",
                "url": "https://api.github.com/repos/mrherndon/passwordHash/zipball/42aabc8d9d78fdb738b7ab1610b2030330d1d6cc",
                "reference": "42aabc8d9d78fdb738b7ab1610b2030330d1d6cc",
                "shasum": ""
            },
            "type": "library",
            "autoload": {
                "psr-4": {
                    "techdeck\\passwordHash\\": "src/"
                }
            },
            "notification-url": "https://packagist.org/downloads/",
            "authors": [
                {
                    "name": "Raymond Herndon",
                    "email": "rherndon@starsacramento.org"
                }
            ],
            "description": "password hashing algorithm",
            "support": {
                "issues": "https://github.com/mrherndon/passwordHash/issues",
                "source": "https://github.com/mrherndon/passwordHash/tree/1.0"
            },
            "time": "2020-12-22T19:43:58+00:00"
        },
        {
            "name": "techdeck/post",
            "version": "1.0.1",
            "source": {
                "type": "git",
                "url": "https://github.com/mrherndon/post.git",
                "reference": "116284a809346e759b1c464c51479f737edbb9b4"
            },
            "dist": {
                "type": "zip",
                "url": "https://api.github.com/repos/mrherndon/post/zipball/116284a809346e759b1c464c51479f737edbb9b4",
                "reference": "116284a809346e759b1c464c51479f737edbb9b4",
                "shasum": ""
            },
            "type": "library",
            "autoload": {
                "psr-4": {
                    "STAR\\post\\": "src/"
                }
            },
            "notification-url": "https://packagist.org/downloads/",
            "authors": [
                {
                    "name": "Raymond Herndon",
                    "email": "rherndon@starsacramento.org"
                }
            ],
            "description": "post actions",
            "support": {
                "issues": "https://github.com/mrherndon/post/issues",
                "source": "https://github.com/mrherndon/post/tree/1.0.1"
            },
            "time": "2020-11-30T19:56:51+00:00"
        }
    ],
    "packages-dev": [],
    "aliases": [],
    "minimum-stability": "stable",
    "stability-flags": [],
    "prefer-stable": false,
    "prefer-lowest": false,
    "platform": [],
    "platform-dev": [],
    "plugin-api-version": "2.0.0"
}
